
Microsoft Visual Studio Solution File, Format Version 12.00
# Visual Studio Version 17
VisualStudioVersion = 17.10.34928.147
MinimumVisualStudioVersion = 10.0.40219.1
Project("{FAE04EC0-301F-11D3-BF4B-00C04F79EFBC}") = "NotificationService", "NotificationService.csproj", "{FA06FE9C-06EC-44AD-A630-44A71C686CB9}"
EndProject
Project("{FAE04EC0-301F-11D3-BF4B-00C04F79EFBC}") = "NotificationServiceTest", "..\NotificationServiceTest\NotificationServiceTest.csproj", "{0F81664C-0921-485F-AE56-5631BAF91717}"
EndProject
Global
	GlobalSection(SolutionConfigurationPlatforms) = preSolution
		Debug|Any CPU = Debug|Any CPU
		Release|Any CPU = Release|Any CPU
	EndGlobalSection
	GlobalSection(ProjectConfigurationPlatforms) = postSolution
		{FA06FE9C-06EC-44AD-A630-44A71C686CB9}.Debug|Any CPU.ActiveCfg = Debug|Any CPU
		{FA06FE9C-06EC-44AD-A630-44A71C686CB9}.Debug|Any CPU.Build.0 = Debug|Any CPU
		{FA06FE9C-06EC-44AD-A630-44A71C686CB9}.Release|Any CPU.ActiveCfg = Release|Any CPU
		{FA06FE9C-06EC-44AD-A630-44A71C686CB9}.Release|Any CPU.Build.0 = Release|Any CPU
		{0F81664C-0921-485F-AE56-5631BAF91717}.Debug|Any CPU.ActiveCfg = Debug|Any CPU
		{0F81664C-0921-485F-AE56-5631BAF91717}.Debug|Any CPU.Build.0 = Debug|Any CPU
		{0F81664C-0921-485F-AE56-5631BAF91717}.Release|Any CPU.ActiveCfg = Release|Any CPU
		{0F81664C-0921-485F-AE56-5631BAF91717}.Release|Any CPU.Build.0 = Release|Any CPU
	EndGlobalSection
	GlobalSection(SolutionProperties) = preSolution
		HideSolutionNode = FALSE
	EndGlobalSection
	GlobalSection(ExtensibilityGlobals) = postSolution
		SolutionGuid = {BDF23D8A-789B-404A-919C-62E157C6C38D}
	EndGlobalSection
EndGlobal
